// !$*UTF8*$!
{
	archiveVersion = 1;
	classes = {
	};
	objectVersion = 77;
	objects = {

/* Begin PBXBuildFile section */
		49279F652F2A9FC30021E4CE /* Auth in Frameworks */ = {isa = PBXBuildFile; productRef = 49279F642F2A9FC30021E4CE /* Auth */; };
		49279F672F2A9FC30021E4CE /* Realtime in Frameworks */ = {isa = PBXBuildFile; productRef = 49279F662F2A9FC30021E4CE /* Realtime */; };
		49279F692F2A9FC30021E4CE /* Storage in Frameworks */ = {isa = PBXBuildFile; productRef = 49279F682F2A9FC30021E4CE /* Storage */; };
		49279F6B2F2A9FC30021E4CE /* Supabase in Frameworks */ = {isa = PBXBuildFile; productRef = 49279F6A2F2A9FC30021E4CE /* Supabase */; };
		B01069002EF423C300F1FA7B /* Lottie in Frameworks */ = {isa = PBXBuildFile; productRef = B01068FF2EF423C300F1FA7B /* Lottie */; };
		B093FD382EF5151E00359122 /* FirebaseAnalytics in Frameworks */ = {isa = PBXBuildFile; productRef = B093FD372EF5151E00359122 /* FirebaseAnalytics */; };
		B093FD3A2EF5151E00359122 /* FirebaseAnalyticsCore in Frameworks */ = {isa = PBXBuildFile; productRef = B093FD392EF5151E00359122 /* FirebaseAnalyticsCore */; };
		B093FD3C2EF5151E00359122 /* FirebaseAuth in Frameworks */ = {isa = PBXBuildFile; productRef = B093FD3B2EF5151E00359122 /* FirebaseAuth */; };
		B093FD3E2EF5151E00359122 /* FirebaseCore in Frameworks */ = {isa = PBXBuildFile; productRef = B093FD3D2EF5151E00359122 /* FirebaseCore */; };
		B093FD402EF5151E00359122 /* FirebaseDatabase in Frameworks */ = {isa = PBXBuildFile; productRef = B093FD3F2EF5151E00359122 /* FirebaseDatabase */; };
		B093FD422EF5151E00359122 /* FirebaseFirestore in Frameworks */ = {isa = PBXBuildFile; productRef = B093FD412EF5151E00359122 /* FirebaseFirestore */; };
		B093FD442EF5151E00359122 /* FirebaseStorage in Frameworks */ = {isa = PBXBuildFile; productRef = B093FD432EF5151E00359122 /* FirebaseStorage */; };
		B093FD472EF5159B00359122 /* GoogleSignIn in Frameworks */ = {isa = PBXBuildFile; productRef = B093FD462EF5159B00359122 /* GoogleSignIn */; };
/* End PBXBuildFile section */

/* Begin PBXContainerItemProxy section */
		B01068962EF3D4F300F1FA7B /* PBXContainerItemProxy */ = {
			isa = PBXContainerItemProxy;
			containerPortal = B01068772EF3D4F200F1FA7B /* Project object */;
			proxyType = 1;
			remoteGlobalIDString = B010687E2EF3D4F200F1FA7B;
			remoteInfo = TinyVitals;
		};
		B01068A02EF3D4F300F1FA7B /* PBXContainerItemProxy */ = {
			isa = PBXContainerItemProxy;
			containerPortal = B01068772EF3D4F200F1FA7B /* Project object */;
			proxyType = 1;
			remoteGlobalIDString = B010687E2EF3D4F200F1FA7B;
			remoteInfo = TinyVitals;
		};
/* End PBXContainerItemProxy section */

/* Begin PBXFileReference section */
		492958622F2C9F4900F48BDE /* TinyVitals.app */ = {isa = PBXFileReference; explicitFileType = wrapper.application; includeInIndex = 0; path = TinyVitals.app; sourceTree = BUILT_PRODUCTS_DIR; };
		492958632F2C9F4900F48BDE /* TinyVitalsTests.xctest */ = {isa = PBXFileReference; explicitFileType = wrapper.cfbundle; includeInIndex = 0; path = TinyVitalsTests.xctest; sourceTree = BUILT_PRODUCTS_DIR; };
		492958642F2C9F4900F48BDE /* TinyVitalsUITests.xctest */ = {isa = PBXFileReference; explicitFileType = wrapper.cfbundle; includeInIndex = 0; path = TinyVitalsUITests.xctest; sourceTree = BUILT_PRODUCTS_DIR; };
/* End PBXFileReference section */

/* Begin PBXFileSystemSynchronizedBuildFileExceptionSet section */
		B01068A72EF3D4F300F1FA7B /* Exceptions for "TinyVitals" folder in "TinyVitals" target */ = {
			isa = PBXFileSystemSynchronizedBuildFileExceptionSet;
			membershipExceptions = (
				Info.plist,
			);
			target = B010687E2EF3D4F200F1FA7B /* TinyVitals */;
		};
/* End PBXFileSystemSynchronizedBuildFileExceptionSet section */

/* Begin PBXFileSystemSynchronizedRootGroup section */
		B01068812EF3D4F200F1FA7B /* TinyVitals */ = {
			isa = PBXFileSystemSynchronizedRootGroup;
			exceptions = (
				B01068A72EF3D4F300F1FA7B /* Exceptions for "TinyVitals" folder in "TinyVitals" target */,
			);
			path = TinyVitals;
			sourceTree = "<group>";
		};
		B01068982EF3D4F300F1FA7B /* TinyVitalsTests */ = {
			isa = PBXFileSystemSynchronizedRootGroup;
			path = TinyVitalsTests;
			sourceTree = "<group>";
		};
		B01068A22EF3D4F300F1FA7B /* TinyVitalsUITests */ = {
			isa = PBXFileSystemSynchronizedRootGroup;
			path = TinyVitalsUITests;
			sourceTree = "<group>";
		};
/* End PBXFileSystemSynchronizedRootGroup section */

/* Begin PBXFrameworksBuildPhase section */
		B010687C2EF3D4F200F1FA7B /* Frameworks */ = {
			isa = PBXFrameworksBuildPhase;
			buildActionMask = 2147483647;
			files = (
				49279F692F2A9FC30021E4CE /* Storage in Frameworks */,
				B093FD402EF5151E00359122 /* FirebaseDatabase in Frameworks */,
				B093FD382EF5151E00359122 /* FirebaseAnalytics in Frameworks */,
				B093FD3E2EF5151E00359122 /* FirebaseCore in Frameworks */,
				B093FD3A2EF5151E00359122 /* FirebaseAnalyticsCore in Frameworks */,
				B01069002EF423C300F1FA7B /* Lottie in Frameworks */,
				B093FD442EF5151E00359122 /* FirebaseStorage in Frameworks */,
				B093FD3C2EF5151E00359122 /* FirebaseAuth in Frameworks */,
				B093FD422EF5151E00359122 /* FirebaseFirestore in Frameworks */,
				49279F652F2A9FC30021E4CE /* Auth in Frameworks */,
				B093FD472EF5159B00359122 /* GoogleSignIn in Frameworks */,
				49279F672F2A9FC30021E4CE /* Realtime in Frameworks */,
				49279F6B2F2A9FC30021E4CE /* Supabase in Frameworks */,
			);
			runOnlyForDeploymentPostprocessing = 0;
		};
		B01068922EF3D4F300F1FA7B /* Frameworks */ = {
			isa = PBXFrameworksBuildPhase;
			buildActionMask = 2147483647;
			files = (
			);
			runOnlyForDeploymentPostprocessing = 0;
		};
		B010689C2EF3D4F300F1FA7B /* Frameworks */ = {
			isa = PBXFrameworksBuildPhase;
			buildActionMask = 2147483647;
			files = (
			);
			runOnlyForDeploymentPostprocessing = 0;
		};
/* End PBXFrameworksBuildPhase section */

/* Begin PBXGroup section */
		B01068762EF3D4F200F1FA7B = {
			isa = PBXGroup;
			children = (
				B01068812EF3D4F200F1FA7B /* TinyVitals */,
				B01068982EF3D4F300F1FA7B /* TinyVitalsTests */,
				B01068A22EF3D4F300F1FA7B /* TinyVitalsUITests */,
				492958622F2C9F4900F48BDE /* TinyVitals.app */,
				492958632F2C9F4900F48BDE /* TinyVitalsTests.xctest */,
				492958642F2C9F4900F48BDE /* TinyVitalsUITests.xctest */,
			);
			sourceTree = "<group>";
		};
/* End PBXGroup section */

/* Begin PBXNativeTarget section */
		B010687E2EF3D4F200F1FA7B /* TinyVitals */ = {
			isa = PBXNativeTarget;
			buildConfigurationList = B01068A82EF3D4F300F1FA7B /* Build configuration list for PBXNativeTarget "TinyVitals" */;
			buildPhases = (
				B010687B2EF3D4F200F1FA7B /* Sources */,
				B010687C2EF3D4F200F1FA7B /* Frameworks */,
				B010687D2EF3D4F200F1FA7B /* Resources */,
			);
			buildRules = (
			);
			dependencies = (
			);
			fileSystemSynchronizedGroups = (
				B01068812EF3D4F200F1FA7B /* TinyVitals */,
			);
			name = TinyVitals;
			packageProductDependencies = (
				B01068FF2EF423C300F1FA7B /* Lottie */,
				B093FD372EF5151E00359122 /* FirebaseAnalytics */,
				B093FD392EF5151E00359122 /* FirebaseAnalyticsCore */,
				B093FD3B2EF5151E00359122 /* FirebaseAuth */,
				B093FD3D2EF5151E00359122 /* FirebaseCore */,
				B093FD3F2EF5151E00359122 /* FirebaseDatabase */,
				B093FD412EF5151E00359122 /* FirebaseFirestore */,
				B093FD432EF5151E00359122 /* FirebaseStorage */,
				B093FD462EF5159B00359122 /* GoogleSignIn */,
				49279F642F2A9FC30021E4CE /* Auth */,
				49279F662F2A9FC30021E4CE /* Realtime */,
				49279F682F2A9FC30021E4CE /* Storage */,
				49279F6A2F2A9FC30021E4CE /* Supabase */,
			);
			productName = TinyVitals;
			productReference = 492958622F2C9F4900F48BDE /* TinyVitals.app */;
			productType = "com.apple.product-type.application";
		};
		B01068942EF3D4F300F1FA7B /* TinyVitalsTests */ = {
			isa = PBXNativeTarget;
			buildConfigurationList = B01068AD2EF3D4F300F1FA7B /* Build configuration list for PBXNativeTarget "TinyVitalsTests" */;
			buildPhases = (
				B01068912EF3D4F300F1FA7B /* Sources */,
				B01068922EF3D4F300F1FA7B /* Frameworks */,
				B01068932EF3D4F300F1FA7B /* Resources */,
			);
			buildRules = (
			);
			dependencies = (
				B01068972EF3D4F300F1FA7B /* PBXTargetDependency */,
			);
			fileSystemSynchronizedGroups = (
				B01068982EF3D4F300F1FA7B /* TinyVitalsTests */,
			);
			name = TinyVitalsTests;
			packageProductDependencies = (
			);
			productName = TinyVitalsTests;
			productReference = 492958632F2C9F4900F48BDE /* TinyVitalsTests.xctest */;
			productType = "com.apple.product-type.bundle.unit-test";
		};
		B010689E2EF3D4F300F1FA7B /* TinyVitalsUITests */ = {
			isa = PBXNativeTarget;
			buildConfigurationList = B01068B02EF3D4F300F1FA7B /* Build configuration list for PBXNativeTarget "TinyVitalsUITests" */;
			buildPhases = (
				B010689B2EF3D4F300F1FA7B /* Sources */,
				B010689C2EF3D4F300F1FA7B /* Frameworks */,
				B010689D2EF3D4F300F1FA7B /* Resources */,
			);
			buildRules = (
			);
			dependencies = (
				B01068A12EF3D4F300F1FA7B /* PBXTargetDependency */,
			);
			fileSystemSynchronizedGroups = (
				B01068A22EF3D4F300F1FA7B /* TinyVitalsUITests */,
			);
			name = TinyVitalsUITests;
			packageProductDependencies = (
			);
			productName = TinyVitalsUITests;
			productReference = 492958642F2C9F4900F48BDE /* TinyVitalsUITests.xctest */;
			productType = "com.apple.product-type.bundle.ui-testing";
		};
/* End PBXNativeTarget section */

/* Begin PBXProject section */
		B01068772EF3D4F200F1FA7B /* Project object */ = {
			isa = PBXProject;
			attributes = {
				BuildIndependentTargetsInParallel = 1;
				LastSwiftUpdateCheck = 2610;
				LastUpgradeCheck = 2610;
				TargetAttributes = {
					B010687E2EF3D4F200F1FA7B = {
						CreatedOnToolsVersion = 26.1.1;
					};
					B01068942EF3D4F300F1FA7B = {
						CreatedOnToolsVersion = 26.1.1;
						TestTargetID = B010687E2EF3D4F200F1FA7B;
					};
					B010689E2EF3D4F300F1FA7B = {
						CreatedOnToolsVersion = 26.1.1;
						TestTargetID = B010687E2EF3D4F200F1FA7B;
					};
				};
			};
			buildConfigurationList = B010687A2EF3D4F200F1FA7B /* Build configuration list for PBXProject "TinyVitals" */;
			developmentRegion = en;
			hasScannedForEncodings = 0;
			knownRegions = (
				en,
				Base,
			);
			mainGroup = B01068762EF3D4F200F1FA7B;
			minimizedProjectReferenceProxies = 1;
			packageReferences = (
				B01068FE2EF423C300F1FA7B /* XCRemoteSwiftPackageReference "lottie-ios" */,
				B093FD362EF5151E00359122 /* XCRemoteSwiftPackageReference "firebase-ios-sdk" */,
				B093FD452EF5159B00359122 /* XCRemoteSwiftPackageReference "GoogleSignIn-iOS" */,
				49279F632F2A9FC30021E4CE /* XCRemoteSwiftPackageReference "supabase-swift" */,
			);
			preferredProjectObjectVersion = 77;
			productRefGroup = B01068762EF3D4F200F1FA7B;
			projectDirPath = "";
			projectRoot = "";
			targets = (
				B010687E2EF3D4F200F1FA7B /* TinyVitals */,
				B01068942EF3D4F300F1FA7B /* TinyVitalsTests */,
				B010689E2EF3D4F300F1FA7B /* TinyVitalsUITests */,
			);
		};
/* End PBXProject section */

/* Begin PBXResourcesBuildPhase section */
		B010687D2EF3D4F200F1FA7B /* Resources */ = {
			isa = PBXResourcesBuildPhase;
			buildActionMask = 2147483647;
			files = (
			);
			runOnlyForDeploymentPostprocessing = 0;
		};
		B01068932EF3D4F300F1FA7B /* Resources */ = {
			isa = PBXResourcesBuildPhase;
			buildActionMask = 2147483647;
			files = (
			);
			runOnlyForDeploymentPostprocessing = 0;
		};
		B010689D2EF3D4F300F1FA7B /* Resources */ = {
			isa = PBXResourcesBuildPhase;
			buildActionMask = 2147483647;
			files = (
			);
			runOnlyForDeploymentPostprocessing = 0;
		};
/* End PBXResourcesBuildPhase section */

/* Begin PBXSourcesBuildPhase section */
		B010687B2EF3D4F200F1FA7B /* Sources */ = {
			isa = PBXSourcesBuildPhase;
			buildActionMask = 2147483647;
			files = (
			);
			runOnlyForDeploymentPostprocessing = 0;
		};
		B01068912EF3D4F300F1FA7B /* Sources */ = {
			isa = PBXSourcesBuildPhase;
			buildActionMask = 2147483647;
			files = (
			);
			runOnlyForDeploymentPostprocessing = 0;
		};
		B010689B2EF3D4F300F1FA7B /* Sources */ = {
			isa = PBXSourcesBuildPhase;
			buildActionMask = 2147483647;
			files = (
			);
			runOnlyForDeploymentPostprocessing = 0;
		};
/* End PBXSourcesBuildPhase section */

/* Begin PBXTargetDependency section */
		B01068972EF3D4F300F1FA7B /* PBXTargetDependency */ = {
			isa = PBXTargetDependency;
			target = B010687E2EF3D4F200F1FA7B /* TinyVitals */;
			targetProxy = B01068962EF3D4F300F1FA7B /* PBXContainerItemProxy */;
		};
		B01068A12EF3D4F300F1FA7B /* PBXTargetDependency */ = {
			isa = PBXTargetDependency;
			target = B010687E2EF3D4F200F1FA7B /* TinyVitals */;
			targetProxy = B01068A02EF3D4F300F1FA7B /* PBXContainerItemProxy */;
		};
/* End PBXTargetDependency section */

/* Begin XCBuildConfiguration section */
		B01068A92EF3D4F300F1FA7B /* Debug */ = {
			isa = XCBuildConfiguration;
			buildSettings = {
				ASSETCATALOG_COMPILER_APPICON_NAME = AppIcon;
				ASSETCATALOG_COMPILER_GLOBAL_ACCENT_COLOR_NAME = AccentColor;
				CODE_SIGN_STYLE = Automatic;
				CURRENT_PROJECT_VERSION = 1;
				GENERATE_INFOPLIST_FILE = YES;
				INFOPLIST_FILE = TinyVitals/Info.plist;
				INFOPLIST_KEY_UIApplicationSupportsIndirectInputEvents = YES;
				INFOPLIST_KEY_UILaunchStoryboardName = LaunchScreen;
				INFOPLIST_KEY_UIMainStoryboardFile = Main;
				INFOPLIST_KEY_UISupportedInterfaceOrientations_iPad = "UIInterfaceOrientationPortrait UIInterfaceOrientationPortraitUpsideDown UIInterfaceOrientationLandscapeLeft UIInterfaceOrientationLandscapeRight";
				INFOPLIST_KEY_UISupportedInterfaceOrientations_iPhone = "UIInterfaceOrientationPortrait UIInterfaceOrientationLandscapeLeft UIInterfaceOrientationLandscapeRight";
				LD_RUNPATH_SEARCH_PATHS = (
					"$(inherited)",
					"@executable_path/Frameworks",
				);
				MARKETING_VERSION = 1.0;
				PRODUCT_BUNDLE_IDENTIFIER = SRMIST.TinyVitals;
				PRODUCT_NAME = "$(TARGET_NAME)";
				STRING_CATALOG_GENERATE_SYMBOLS = YES;
				SWIFT_APPROACHABLE_CONCURRENCY = YES;
				SWIFT_DEFAULT_ACTOR_ISOLATION = MainActor;
				SWIFT_EMIT_LOC_STRINGS = YES;
				SWIFT_UPCOMING_FEATURE_MEMBER_IMPORT_VISIBILITY = YES;
				SWIFT_VERSION = 5.0;
				TARGETED_DEVICE_FAMILY = "1,2";
			};
			name = Debug;
		};
		B01068AA2EF3D4F300F1FA7B /* Release */ = {
			isa = XCBuildConfiguration;
			buildSettings = {
				ASSETCATALOG_COMPILER_APPICON_NAME = AppIcon;
				ASSETCATALOG_COMPILER_GLOBAL_ACCENT_COLOR_NAME = AccentColor;
				CODE_SIGN_STYLE = Automatic;
				CURRENT_PROJECT_VERSION = 1;
				GENERATE_INFOPLIST_FILE = YES;
				INFOPLIST_FILE = TinyVitals/Info.plist;
				INFOPLIST_KEY_UIApplicationSupportsIndirectInputEvents = YES;
				INFOPLIST_KEY_UILaunchStoryboardName = LaunchScreen;
				INFOPLIST_KEY_UIMainStoryboardFile = Main;
				INFOPLIST_KEY_UISupportedInterfaceOrientations_iPad = "UIInterfaceOrientationPortrait UIInterfaceOrientationPortraitUpsideDown UIInterfaceOrientationLandscapeLeft UIInterfaceOrientationLandscapeRight";
				INFOPLIST_KEY_UISupportedInterfaceOrientations_iPhone = "UIInterfaceOrientationPortrait UIInterfaceOrientationLandscapeLeft UIInterfaceOrientationLandscapeRight";
				LD_RUNPATH_SEARCH_PATHS = (
					"$(inherited)",
					"@executable_path/Frameworks",
				);
				MARKETING_VERSION = 1.0;
				PRODUCT_BUNDLE_IDENTIFIER = SRMIST.TinyVitals;
				PRODUCT_NAME = "$(TARGET_NAME)";
				STRING_CATALOG_GENERATE_SYMBOLS = YES;
				SWIFT_APPROACHABLE_CONCURRENCY = YES;
				SWIFT_DEFAULT_ACTOR_ISOLATION = MainActor;
				SWIFT_EMIT_LOC_STRINGS = YES;
				SWIFT_UPCOMING_FEATURE_MEMBER_IMPORT_VISIBILITY = YES;
				SWIFT_VERSION = 5.0;
				TARGETED_DEVICE_FAMILY = "1,2";
			};
			name = Release;
		};
		B01068AB2EF3D4F300F1FA7B /* Debug */ = {
			isa = XCBuildConfiguration;
			buildSettings = {
				ALWAYS_SEARCH_USER_PATHS = NO;
				ASSETCATALOG_COMPILER_GENERATE_SWIFT_ASSET_SYMBOL_EXTENSIONS = YES;
				CLANG_ANALYZER_NONNULL = YES;
				CLANG_ANALYZER_NUMBER_OBJECT_CONVERSION = YES_AGGRESSIVE;
				CLANG_CXX_LANGUAGE_STANDARD = "gnu++20";
				CLANG_ENABLE_MODULES = YES;
				CLANG_ENABLE_OBJC_ARC = YES;
				CLANG_ENABLE_OBJC_WEAK = YES;
				CLANG_WARN_BLOCK_CAPTURE_AUTORELEASING = YES;
				CLANG_WARN_BOOL_CONVERSION = YES;
				CLANG_WARN_COMMA = YES;
				CLANG_WARN_CONSTANT_CONVERSION = YES;
				CLANG_WARN_DEPRECATED_OBJC_IMPLEMENTATIONS = YES;
				CLANG_WARN_DIRECT_OBJC_ISA_USAGE = YES_ERROR;
				CLANG_WARN_DOCUMENTATION_COMMENTS = YES;
				CLANG_WARN_EMPTY_BODY = YES;
				CLANG_WARN_ENUM_CONVERSION = YES;
				CLANG_WARN_INFINITE_RECURSION = YES;
				CLANG_WARN_INT_CONVERSION = YES;
				CLANG_WARN_NON_LITERAL_NULL_CONVERSION = YES;
				CLANG_WARN_OBJC_IMPLICIT_RETAIN_SELF = YES;
				CLANG_WARN_OBJC_LITERAL_CONVERSION = YES;
				CLANG_WARN_OBJC_ROOT_CLASS = YES_ERROR;
				CLANG_WARN_QUOTED_INCLUDE_IN_FRAMEWORK_HEADER = YES;
				CLANG_WARN_RANGE_LOOP_ANALYSIS = YES;
				CLANG_WARN_STRICT_PROTOTYPES = YES;
				CLANG_WARN_SUSPICIOUS_MOVE = YES;
				CLANG_WARN_UNGUARDED_AVAILABILITY = YES_AGGRESSIVE;
				CLANG_WARN_UNREACHABLE_CODE = YES;
				CLANG_WARN__DUPLICATE_METHOD_MATCH = YES;
				COPY_PHASE_STRIP = NO;
				DEBUG_INFORMATION_FORMAT = dwarf;
				ENABLE_STRICT_OBJC_MSGSEND = YES;
				ENABLE_TESTABILITY = YES;
				ENABLE_USER_SCRIPT_SANDBOXING = YES;
				GCC_C_LANGUAGE_STANDARD = gnu17;
				GCC_DYNAMIC_NO_PIC = NO;
				GCC_NO_COMMON_BLOCKS = YES;
				GCC_OPTIMIZATION_LEVEL = 0;
				GCC_PREPROCESSOR_DEFINITIONS = (
					"DEBUG=1",
					"$(inherited)",
				);
				GCC_WARN_64_TO_32_BIT_CONVERSION = YES;
				GCC_WARN_ABOUT_RETURN_TYPE = YES_ERROR;
				GCC_WARN_UNDECLARED_SELECTOR = YES;
				GCC_WARN_UNINITIALIZED_AUTOS = YES_AGGRESSIVE;
				GCC_WARN_UNUSED_FUNCTION = YES;
				GCC_WARN_UNUSED_VARIABLE = YES;
				IPHONEOS_DEPLOYMENT_TARGET = 26.1;
				LOCALIZATION_PREFERS_STRING_CATALOGS = YES;
				MTL_ENABLE_DEBUG_INFO = INCLUDE_SOURCE;
				MTL_FAST_MATH = YES;
				ONLY_ACTIVE_ARCH = YES;
				SDKROOT = iphoneos;
				SWIFT_ACTIVE_COMPILATION_CONDITIONS = "DEBUG $(inherited)";
				SWIFT_OPTIMIZATION_LEVEL = "-Onone";
			};
			name = Debug;
		};
		B01068AC2EF3D4F300F1FA7B /* Release */ = {
			isa = XCBuildConfiguration;
			buildSettings = {
				ALWAYS_SEARCH_USER_PATHS = NO;
				ASSETCATALOG_COMPILER_GENERATE_SWIFT_ASSET_SYMBOL_EXTENSIONS = YES;
				CLANG_ANALYZER_NONNULL = YES;
				CLANG_ANALYZER_NUMBER_OBJECT_CONVERSION = YES_AGGRESSIVE;
				CLANG_CXX_LANGUAGE_STANDARD = "gnu++20";
				CLANG_ENABLE_MODULES = YES;
				CLANG_ENABLE_OBJC_ARC = YES;
				CLANG_ENABLE_OBJC_WEAK = YES;
				CLANG_WARN_BLOCK_CAPTURE_AUTORELEASING = YES;
				CLANG_WARN_BOOL_CONVERSION = YES;
				CLANG_WARN_COMMA = YES;
				CLANG_WARN_CONSTANT_CONVERSION = YES;
				CLANG_WARN_DEPRECATED_OBJC_IMPLEMENTATIONS = YES;
				CLANG_WARN_DIRECT_OBJC_ISA_USAGE = YES_ERROR;
				CLANG_WARN_DOCUMENTATION_COMMENTS = YES;
				CLANG_WARN_EMPTY_BODY = YES;
				CLANG_WARN_ENUM_CONVERSION = YES;
				CLANG_WARN_INFINITE_RECURSION = YES;
				CLANG_WARN_INT_CONVERSION = YES;
				CLANG_WARN_NON_LITERAL_NULL_CONVERSION = YES;
				CLANG_WARN_OBJC_IMPLICIT_RETAIN_SELF = YES;
				CLANG_WARN_OBJC_LITERAL_CONVERSION = YES;
				CLANG_WARN_OBJC_ROOT_CLASS = YES_ERROR;
				CLANG_WARN_QUOTED_INCLUDE_IN_FRAMEWORK_HEADER = YES;
				CLANG_WARN_RANGE_LOOP_ANALYSIS = YES;
				CLANG_WARN_STRICT_PROTOTYPES = YES;
				CLANG_WARN_SUSPICIOUS_MOVE = YES;
				CLANG_WARN_UNGUARDED_AVAILABILITY = YES_AGGRESSIVE;
				CLANG_WARN_UNREACHABLE_CODE = YES;
				CLANG_WARN__DUPLICATE_METHOD_MATCH = YES;
				COPY_PHASE_STRIP = NO;
				DEBUG_INFORMATION_FORMAT = "dwarf-with-dsym";
				ENABLE_NS_ASSERTIONS = NO;
				ENABLE_STRICT_OBJC_MSGSEND = YES;
				ENABLE_USER_SCRIPT_SANDBOXING = YES;
				GCC_C_LANGUAGE_STANDARD = gnu17;
				GCC_NO_COMMON_BLOCKS = YES;
				GCC_WARN_64_TO_32_BIT_CONVERSION = YES;
				GCC_WARN_ABOUT_RETURN_TYPE = YES_ERROR;
				GCC_WARN_UNDECLARED_SELECTOR = YES;
				GCC_WARN_UNINITIALIZED_AUTOS = YES_AGGRESSIVE;
				GCC_WARN_UNUSED_FUNCTION = YES;
				GCC_WARN_UNUSED_VARIABLE = YES;
				IPHONEOS_DEPLOYMENT_TARGET = 26.1;
				LOCALIZATION_PREFERS_STRING_CATALOGS = YES;
				MTL_ENABLE_DEBUG_INFO = NO;
				MTL_FAST_MATH = YES;
				SDKROOT = iphoneos;
				SWIFT_COMPILATION_MODE = wholemodule;
				VALIDATE_PRODUCT = YES;
			};
			name = Release;
		};
		B01068AE2EF3D4F300F1FA7B /* Debug */ = {
			isa = XCBuildConfiguration;
			buildSettings = {
				BUNDLE_LOADER = "$(TEST_HOST)";
				CODE_SIGN_STYLE = Automatic;
				CURRENT_PROJECT_VERSION = 1;
				GENERATE_INFOPLIST_FILE = YES;
				IPHONEOS_DEPLOYMENT_TARGET = 26.1;
				MARKETING_VERSION = 1.0;
				PRODUCT_BUNDLE_IDENTIFIER = SRMIST.TinyVitalsTests;
				PRODUCT_NAME = "$(TARGET_NAME)";
				STRING_CATALOG_GENERATE_SYMBOLS = NO;
				SWIFT_APPROACHABLE_CONCURRENCY = YES;
				SWIFT_EMIT_LOC_STRINGS = NO;
				SWIFT_UPCOMING_FEATURE_MEMBER_IMPORT_VISIBILITY = YES;
				SWIFT_VERSION = 5.0;
				TARGETED_DEVICE_FAMILY = "1,2";
				TEST_HOST = "$(BUILT_PRODUCTS_DIR)/TinyVitals.app/$(BUNDLE_EXECUTABLE_FOLDER_PATH)/TinyVitals";
			};
			name = Debug;
		};
		B01068AF2EF3D4F300F1FA7B /* Release */ = {
			isa = XCBuildConfiguration;
			buildSettings = {
				BUNDLE_LOADER = "$(TEST_HOST)";
				CODE_SIGN_STYLE = Automatic;
				CURRENT_PROJECT_VERSION = 1;
				GENERATE_INFOPLIST_FILE = YES;
				IPHONEOS_DEPLOYMENT_TARGET = 26.1;
				MARKETING_VERSION = 1.0;
				PRODUCT_BUNDLE_IDENTIFIER = SRMIST.TinyVitalsTests;
				PRODUCT_NAME = "$(TARGET_NAME)";
				STRING_CATALOG_GENERATE_SYMBOLS = NO;
				SWIFT_APPROACHABLE_CONCURRENCY = YES;
				SWIFT_EMIT_LOC_STRINGS = NO;
				SWIFT_UPCOMING_FEATURE_MEMBER_IMPORT_VISIBILITY = YES;
				SWIFT_VERSION = 5.0;
				TARGETED_DEVICE_FAMILY = "1,2";
				TEST_HOST = "$(BUILT_PRODUCTS_DIR)/TinyVitals.app/$(BUNDLE_EXECUTABLE_FOLDER_PATH)/TinyVitals";
			};
			name = Release;
		};
		B01068B12EF3D4F300F1FA7B /* Debug */ = {
			isa = XCBuildConfiguration;
			buildSettings = {
				CODE_SIGN_STYLE = Automatic;
				CURRENT_PROJECT_VERSION = 1;
				GENERATE_INFOPLIST_FILE = YES;
				MARKETING_VERSION = 1.0;
				PRODUCT_BUNDLE_IDENTIFIER = SRMIST.TinyVitalsUITests;
				PRODUCT_NAME = "$(TARGET_NAME)";
				STRING_CATALOG_GENERATE_SYMBOLS = NO;
				SWIFT_APPROACHABLE_CONCURRENCY = YES;
				SWIFT_EMIT_LOC_STRINGS = NO;
				SWIFT_UPCOMING_FEATURE_MEMBER_IMPORT_VISIBILITY = YES;
				SWIFT_VERSION = 5.0;
				TARGETED_DEVICE_FAMILY = "1,2";
				TEST_TARGET_NAME = TinyVitals;
			};
			name = Debug;
		};
		B01068B22EF3D4F300F1FA7B /* Release */ = {
			isa = XCBuildConfiguration;
			buildSettings = {
				CODE_SIGN_STYLE = Automatic;
				CURRENT_PROJECT_VERSION = 1;
				GENERATE_INFOPLIST_FILE = YES;
				MARKETING_VERSION = 1.0;
				PRODUCT_BUNDLE_IDENTIFIER = SRMIST.TinyVitalsUITests;
				PRODUCT_NAME = "$(TARGET_NAME)";
				STRING_CATALOG_GENERATE_SYMBOLS = NO;
				SWIFT_APPROACHABLE_CONCURRENCY = YES;
				SWIFT_EMIT_LOC_STRINGS = NO;
				SWIFT_UPCOMING_FEATURE_MEMBER_IMPORT_VISIBILITY = YES;
				SWIFT_VERSION = 5.0;
				TARGETED_DEVICE_FAMILY = "1,2";
				TEST_TARGET_NAME = TinyVitals;
			};
			name = Release;
		};
/* End XCBuildConfiguration section */

/* Begin XCConfigurationList section */
		B010687A2EF3D4F200F1FA7B /* Build configuration list for PBXProject "TinyVitals" */ = {
			isa = XCConfigurationList;
			buildConfigurations = (
				B01068AB2EF3D4F300F1FA7B /* Debug */,
				B01068AC2EF3D4F300F1FA7B /* Release */,
			);
			defaultConfigurationIsVisible = 0;
			defaultConfigurationName = Release;
		};
		B01068A82EF3D4F300F1FA7B /* Build configuration list for PBXNativeTarget "TinyVitals" */ = {
			isa = XCConfigurationList;
			buildConfigurations = (
				B01068A92EF3D4F300F1FA7B /* Debug */,
				B01068AA2EF3D4F300F1FA7B /* Release */,
			);
			defaultConfigurationIsVisible = 0;
			defaultConfigurationName = Release;
		};
		B01068AD2EF3D4F300F1FA7B /* Build configuration list for PBXNativeTarget "TinyVitalsTests" */ = {
			isa = XCConfigurationList;
			buildConfigurations = (
				B01068AE2EF3D4F300F1FA7B /* Debug */,
				B01068AF2EF3D4F300F1FA7B /* Release */,
			);
			defaultConfigurationIsVisible = 0;
			defaultConfigurationName = Release;
		};
		B01068B02EF3D4F300F1FA7B /* Build configuration list for PBXNativeTarget "TinyVitalsUITests" */ = {
			isa = XCConfigurationList;
			buildConfigurations = (
				B01068B12EF3D4F300F1FA7B /* Debug */,
				B01068B22EF3D4F300F1FA7B /* Release */,
			);
			defaultConfigurationIsVisible = 0;
			defaultConfigurationName = Release;
		};
/* End XCConfigurationList section */

/* Begin XCRemoteSwiftPackageReference section */
		49279F632F2A9FC30021E4CE /* XCRemoteSwiftPackageReference "supabase-swift" */ = {
			isa = XCRemoteSwiftPackageReference;
			repositoryURL = "https://github.com/supabase-community/supabase-swift";
			requirement = {
				kind = upToNextMajorVersion;
				minimumVersion = 2.5.1;
			};
		};
		B01068FE2EF423C300F1FA7B /* XCRemoteSwiftPackageReference "lottie-ios" */ = {
			isa = XCRemoteSwiftPackageReference;
			repositoryURL = "https://github.com/airbnb/lottie-ios";
			requirement = {
				kind = upToNextMajorVersion;
				minimumVersion = 4.5.2;
			};
		};
		B093FD362EF5151E00359122 /* XCRemoteSwiftPackageReference "firebase-ios-sdk" */ = {
			isa = XCRemoteSwiftPackageReference;
			repositoryURL = "https://github.com/firebase/firebase-ios-sdk";
			requirement = {
				kind = upToNextMajorVersion;
				minimumVersion = 12.7.0;
			};
		};
		B093FD452EF5159B00359122 /* XCRemoteSwiftPackageReference "GoogleSignIn-iOS" */ = {
			isa = XCRemoteSwiftPackageReference;
			repositoryURL = "https://github.com/google/GoogleSignIn-iOS";
			requirement = {
				kind = upToNextMajorVersion;
				minimumVersion = 9.0.0;
			};
		};
/* End XCRemoteSwiftPackageReference section */

/* Begin XCSwiftPackageProductDependency section */
		49279F642F2A9FC30021E4CE /* Auth */ = {
			isa = XCSwiftPackageProductDependency;
			package = 49279F632F2A9FC30021E4CE /* XCRemoteSwiftPackageReference "supabase-swift" */;
			productName = Auth;
		};
		49279F662F2A9FC30021E4CE /* Realtime */ = {
			isa = XCSwiftPackageProductDependency;
			package = 49279F632F2A9FC30021E4CE /* XCRemoteSwiftPackageReference "supabase-swift" */;
			productName = Realtime;
		};
		49279F682F2A9FC30021E4CE /* Storage */ = {
			isa = XCSwiftPackageProductDependency;
			package = 49279F632F2A9FC30021E4CE /* XCRemoteSwiftPackageReference "supabase-swift" */;
			productName = Storage;
		};
		49279F6A2F2A9FC30021E4CE /* Supabase */ = {
			isa = XCSwiftPackageProductDependency;
			package = 49279F632F2A9FC30021E4CE /* XCRemoteSwiftPackageReference "supabase-swift" */;
			productName = Supabase;
		};
		B01068FF2EF423C300F1FA7B /* Lottie */ = {
			isa = XCSwiftPackageProductDependency;
			package = B01068FE2EF423C300F1FA7B /* XCRemoteSwiftPackageReference "lottie-ios" */;
			productName = Lottie;
		};
		B093FD372EF5151E00359122 /* FirebaseAnalytics */ = {
			isa = XCSwiftPackageProductDependency;
			package = B093FD362EF5151E00359122 /* XCRemoteSwiftPackageReference "firebase-ios-sdk" */;
			productName = FirebaseAnalytics;
		};
		B093FD392EF5151E00359122 /* FirebaseAnalyticsCore */ = {
			isa = XCSwiftPackageProductDependency;
			package = B093FD362EF5151E00359122 /* XCRemoteSwiftPackageReference "firebase-ios-sdk" */;
			productName = FirebaseAnalyticsCore;
		};
		B093FD3B2EF5151E00359122 /* FirebaseAuth */ = {
			isa = XCSwiftPackageProductDependency;
			package = B093FD362EF5151E00359122 /* XCRemoteSwiftPackageReference "firebase-ios-sdk" */;
			productName = FirebaseAuth;
		};
		B093FD3D2EF5151E00359122 /* FirebaseCore */ = {
			isa = XCSwiftPackageProductDependency;
			package = B093FD362EF5151E00359122 /* XCRemoteSwiftPackageReference "firebase-ios-sdk" */;
			productName = FirebaseCore;
		};
		B093FD3F2EF5151E00359122 /* FirebaseDatabase */ = {
			isa = XCSwiftPackageProductDependency;
			package = B093FD362EF5151E00359122 /* XCRemoteSwiftPackageReference "firebase-ios-sdk" */;
			productName = FirebaseDatabase;
		};
		B093FD412EF5151E00359122 /* FirebaseFirestore */ = {
			isa = XCSwiftPackageProductDependency;
			package = B093FD362EF5151E00359122 /* XCRemoteSwiftPackageReference "firebase-ios-sdk" */;
			productName = FirebaseFirestore;
		};
		B093FD432EF5151E00359122 /* FirebaseStorage */ = {
			isa = XCSwiftPackageProductDependency;
			package = B093FD362EF5151E00359122 /* XCRemoteSwiftPackageReference "firebase-ios-sdk" */;
			productName = FirebaseStorage;
		};
		B093FD462EF5159B00359122 /* GoogleSignIn */ = {
			isa = XCSwiftPackageProductDependency;
			package = B093FD452EF5159B00359122 /* XCRemoteSwiftPackageReference "GoogleSignIn-iOS" */;
			productName = GoogleSignIn;
		};
/* End XCSwiftPackageProductDependency section */
	};
	rootObject = B01068772EF3D4F200F1FA7B /* Project object */;
}
